{
  "originHash" : "8a318829c4170a7505a2e8455e36bea439da882977eb2afce9a70bc086b25575",
  "pins" : [
    {
      "identity" : "swift-argument-parser",
      "kind" : "remoteSourceControl",
      "location" : "https://github.com/apple/swift-argument-parser.git",
      "state" : {
        "revision" : "309a47b2b1d9b5e991f36961c983ecec72275be3",
        "version" : "1.6.1"
      }
    },
    {
      "identity" : "swift-indexstore",
      "kind" : "remoteSourceControl",
      "location" : "https://github.com/kateinoigakukun/swift-indexstore.git",
      "state" : {
        "revision" : "055264ececff53c1265c2b7ee3513053b02604de",
        "version" : "0.4.0"
      }
    }
  ],
  "version" : 3
}
